// !$*UTF8*$!
{
	archiveVersion = 1;
	classes = {
	};
	objectVersion = 56;
	objects = {

/* Begin PBXBuildFile section */
		A890959D2BF364E000B010DC /* BlissfulCoffeeApp.swift in Sources */ = {isa = PBXBuildFile; fileRef = A890959C2BF364E000B010DC /* BlissfulCoffeeApp.swift */; };
		A890959F2BF364E000B010DC /* ContentView.swift in Sources */ = {isa = PBXBuildFile; fileRef = A890959E2BF364E000B010DC /* ContentView.swift */; };
		A89095A12BF364E200B010DC /* Assets.xcassets in Resources */ = {isa = PBXBuildFile; fileRef = A89095A02BF364E200B010DC /* Assets.xcassets */; };
		A89095A42BF364E200B010DC /* Preview Assets.xcassets in Resources */ = {isa = PBXBuildFile; fileRef = A89095A32BF364E200B010DC /* Preview Assets.xcassets */; };
		A89095AC2BF3857E00B010DC /* Sora-Light.ttf in Resources */ = {isa = PBXBuildFile; fileRef = A89095AB2BF3857E00B010DC /* Sora-Light.ttf */; };
		A89095B82BF3907700B010DC /* HomeView.swift in Sources */ = {isa = PBXBuildFile; fileRef = A89095B72BF3907700B010DC /* HomeView.swift */; };
		A89095BA2BF390EC00B010DC /* LaunchScreen.swift in Sources */ = {isa = PBXBuildFile; fileRef = A89095B92BF390EC00B010DC /* LaunchScreen.swift */; };
		A89095BC2BF396D800B010DC /* Sora-ExtraBold.ttf in Resources */ = {isa = PBXBuildFile; fileRef = A89095BB2BF396D800B010DC /* Sora-ExtraBold.ttf */; };
		A89095BE2BF39B9200B010DC /* HeaderView.swift in Sources */ = {isa = PBXBuildFile; fileRef = A89095BD2BF39B9200B010DC /* HeaderView.swift */; };
		A89095C02BF39F2400B010DC /* SearchBar.swift in Sources */ = {isa = PBXBuildFile; fileRef = A89095BF2BF39F2400B010DC /* SearchBar.swift */; };
		A89095C42BF3ABD000B010DC /* CategoryCells.swift in Sources */ = {isa = PBXBuildFile; fileRef = A89095C32BF3ABD000B010DC /* CategoryCells.swift */; };
		A89095C62BF3B04D00B010DC /* CoffeTypes.swift in Sources */ = {isa = PBXBuildFile; fileRef = A89095C52BF3B04D00B010DC /* CoffeTypes.swift */; };
		A89095C82BF3B59000B010DC /* Coffee.swift in Sources */ = {isa = PBXBuildFile; fileRef = A89095C72BF3B59000B010DC /* Coffee.swift */; };
		A89095CA2BF3B6CF00B010DC /* DeveloperPreview.swift in Sources */ = {isa = PBXBuildFile; fileRef = A89095C92BF3B6CF00B010DC /* DeveloperPreview.swift */; };
		A89095CC2BF3BA4100B010DC /* CoffeeCardView.swift in Sources */ = {isa = PBXBuildFile; fileRef = A89095CB2BF3BA4100B010DC /* CoffeeCardView.swift */; };
		A89095CE2BF3C18700B010DC /* Sora-Regular.ttf in Resources */ = {isa = PBXBuildFile; fileRef = A89095CD2BF3C18700B010DC /* Sora-Regular.ttf */; };
		A89095D12BF3C1BF00B010DC /* Sora-SemiBold.ttf in Resources */ = {isa = PBXBuildFile; fileRef = A89095CF2BF3C1BF00B010DC /* Sora-SemiBold.ttf */; };
		A89095D22BF3C1BF00B010DC /* Sora-Bold.ttf in Resources */ = {isa = PBXBuildFile; fileRef = A89095D02BF3C1BF00B010DC /* Sora-Bold.ttf */; };
		A89095D52BF3C84700B010DC /* HomeViewModel.swift in Sources */ = {isa = PBXBuildFile; fileRef = A89095D42BF3C84700B010DC /* HomeViewModel.swift */; };
		A89095D82BF3C89F00B010DC /* HomeService.swift in Sources */ = {isa = PBXBuildFile; fileRef = A89095D72BF3C89F00B010DC /* HomeService.swift */; };
		A89095DB2BF3D5A500B010DC /* CoffeeDetailView.swift in Sources */ = {isa = PBXBuildFile; fileRef = A89095DA2BF3D5A500B010DC /* CoffeeDetailView.swift */; };
		A89095DE2BF4BF8A00B010DC /* MainTabBar.swift in Sources */ = {isa = PBXBuildFile; fileRef = A89095DD2BF4BF8A00B010DC /* MainTabBar.swift */; };
		A89095E12BF4C0A300B010DC /* FavoriteView.swift in Sources */ = {isa = PBXBuildFile; fileRef = A89095E02BF4C0A300B010DC /* FavoriteView.swift */; };
		A89095E42BF4C0E700B010DC /* CartView.swift in Sources */ = {isa = PBXBuildFile; fileRef = A89095E32BF4C0E700B010DC /* CartView.swift */; };
		A89095E72BF4CA9400B010DC /* IconBackground.swift in Sources */ = {isa = PBXBuildFile; fileRef = A89095E62BF4CA9400B010DC /* IconBackground.swift */; };
		A89095E92BF4CE3000B010DC /* ExpandableTextView.swift in Sources */ = {isa = PBXBuildFile; fileRef = A89095E82BF4CE3000B010DC /* ExpandableTextView.swift */; };
		A89095EB2BF4D5B200B010DC /* Sizes.swift in Sources */ = {isa = PBXBuildFile; fileRef = A89095EA2BF4D5B200B010DC /* Sizes.swift */; };
/* End PBXBuildFile section */

/* Begin PBXFileReference section */
		A89095992BF364E000B010DC /* BlissfulCoffee.app */ = {isa = PBXFileReference; explicitFileType = wrapper.application; includeInIndex = 0; path = BlissfulCoffee.app; sourceTree = BUILT_PRODUCTS_DIR; };
		A890959C2BF364E000B010DC /* BlissfulCoffeeApp.swift */ = {isa = PBXFileReference; lastKnownFileType = sourcecode.swift; path = BlissfulCoffeeApp.swift; sourceTree = "<group>"; };
		A890959E2BF364E000B010DC /* ContentView.swift */ = {isa = PBXFileReference; lastKnownFileType = sourcecode.swift; path = ContentView.swift; sourceTree = "<group>"; };
		A89095A02BF364E200B010DC /* Assets.xcassets */ = {isa = PBXFileReference; lastKnownFileType = folder.assetcatalog; path = Assets.xcassets; sourceTree = "<group>"; };
		A89095A32BF364E200B010DC /* Preview Assets.xcassets */ = {isa = PBXFileReference; lastKnownFileType = folder.assetcatalog; path = "Preview Assets.xcassets"; sourceTree = "<group>"; };
		A89095AB2BF3857E00B010DC /* Sora-Light.ttf */ = {isa = PBXFileReference; lastKnownFileType = file; path = "Sora-Light.ttf"; sourceTree = "<group>"; };
		A89095AD2BF3861400B010DC /* Info.plist */ = {isa = PBXFileReference; lastKnownFileType = text.plist; path = Info.plist; sourceTree = "<group>"; };
		A89095B72BF3907700B010DC /* HomeView.swift */ = {isa = PBXFileReference; lastKnownFileType = sourcecode.swift; path = HomeView.swift; sourceTree = "<group>"; };
		A89095B92BF390EC00B010DC /* LaunchScreen.swift */ = {isa = PBXFileReference; lastKnownFileType = sourcecode.swift; path = LaunchScreen.swift; sourceTree = "<group>"; };
		A89095BB2BF396D800B010DC /* Sora-ExtraBold.ttf */ = {isa = PBXFileReference; lastKnownFileType = file; path = "Sora-ExtraBold.ttf"; sourceTree = "<group>"; };
		A89095BD2BF39B9200B010DC /* HeaderView.swift */ = {isa = PBXFileReference; lastKnownFileType = sourcecode.swift; path = HeaderView.swift; sourceTree = "<group>"; };
		A89095BF2BF39F2400B010DC /* SearchBar.swift */ = {isa = PBXFileReference; lastKnownFileType = sourcecode.swift; path = SearchBar.swift; sourceTree = "<group>"; };
		A89095C32BF3ABD000B010DC /* CategoryCells.swift */ = {isa = PBXFileReference; lastKnownFileType = sourcecode.swift; path = CategoryCells.swift; sourceTree = "<group>"; };
		A89095C52BF3B04D00B010DC /* CoffeTypes.swift */ = {isa = PBXFileReference; lastKnownFileType = sourcecode.swift; path = CoffeTypes.swift; sourceTree = "<group>"; };
		A89095C72BF3B59000B010DC /* Coffee.swift */ = {isa = PBXFileReference; lastKnownFileType = sourcecode.swift; path = Coffee.swift; sourceTree = "<group>"; };
		A89095C92BF3B6CF00B010DC /* DeveloperPreview.swift */ = {isa = PBXFileReference; lastKnownFileType = sourcecode.swift; path = DeveloperPreview.swift; sourceTree = "<group>"; };
		A89095CB2BF3BA4100B010DC /* CoffeeCardView.swift */ = {isa = PBXFileReference; lastKnownFileType = sourcecode.swift; path = CoffeeCardView.swift; sourceTree = "<group>"; };
		A89095CD2BF3C18700B010DC /* Sora-Regular.ttf */ = {isa = PBXFileReference; lastKnownFileType = file; path = "Sora-Regular.ttf"; sourceTree = "<group>"; };
		A89095CF2BF3C1BF00B010DC /* Sora-SemiBold.ttf */ = {isa = PBXFileReference; lastKnownFileType = file; path = "Sora-SemiBold.ttf"; sourceTree = "<group>"; };
		A89095D02BF3C1BF00B010DC /* Sora-Bold.ttf */ = {isa = PBXFileReference; lastKnownFileType = file; path = "Sora-Bold.ttf"; sourceTree = "<group>"; };
		A89095D42BF3C84700B010DC /* HomeViewModel.swift */ = {isa = PBXFileReference; lastKnownFileType = sourcecode.swift; path = HomeViewModel.swift; sourceTree = "<group>"; };
		A89095D72BF3C89F00B010DC /* HomeService.swift */ = {isa = PBXFileReference; lastKnownFileType = sourcecode.swift; path = HomeService.swift; sourceTree = "<group>"; };
		A89095DA2BF3D5A500B010DC /* CoffeeDetailView.swift */ = {isa = PBXFileReference; lastKnownFileType = sourcecode.swift; path = CoffeeDetailView.swift; sourceTree = "<group>"; };
		A89095DD2BF4BF8A00B010DC /* MainTabBar.swift */ = {isa = PBXFileReference; lastKnownFileType = sourcecode.swift; path = MainTabBar.swift; sourceTree = "<group>"; };
		A89095E02BF4C0A300B010DC /* FavoriteView.swift */ = {isa = PBXFileReference; lastKnownFileType = sourcecode.swift; path = FavoriteView.swift; sourceTree = "<group>"; };
		A89095E32BF4C0E700B010DC /* CartView.swift */ = {isa = PBXFileReference; lastKnownFileType = sourcecode.swift; path = CartView.swift; sourceTree = "<group>"; };
		A89095E62BF4CA9400B010DC /* IconBackground.swift */ = {isa = PBXFileReference; lastKnownFileType = sourcecode.swift; path = IconBackground.swift; sourceTree = "<group>"; };
		A89095E82BF4CE3000B010DC /* ExpandableTextView.swift */ = {isa = PBXFileReference; lastKnownFileType = sourcecode.swift; path = ExpandableTextView.swift; sourceTree = "<group>"; };
		A89095EA2BF4D5B200B010DC /* Sizes.swift */ = {isa = PBXFileReference; lastKnownFileType = sourcecode.swift; path = Sizes.swift; sourceTree = "<group>"; };
/* End PBXFileReference section */

/* Begin PBXFrameworksBuildPhase section */
		A89095962BF364E000B010DC /* Frameworks */ = {
			isa = PBXFrameworksBuildPhase;
			buildActionMask = 2147483647;
			files = (
			);
			runOnlyForDeploymentPostprocessing = 0;
		};
/* End PBXFrameworksBuildPhase section */

/* Begin PBXGroup section */
		A89095902BF364E000B010DC = {
			isa = PBXGroup;
			children = (
				A890959B2BF364E000B010DC /* BlissfulCoffee */,
				A890959A2BF364E000B010DC /* Products */,
			);
			sourceTree = "<group>";
		};
		A890959A2BF364E000B010DC /* Products */ = {
			isa = PBXGroup;
			children = (
				A89095992BF364E000B010DC /* BlissfulCoffee.app */,
			);
			name = Products;
			sourceTree = "<group>";
		};
		A890959B2BF364E000B010DC /* BlissfulCoffee */ = {
			isa = PBXGroup;
			children = (
				A89095B22BF3871F00B010DC /* App */,
				A89095A02BF364E200B010DC /* Assets.xcassets */,
				A89095B12BF3871700B010DC /* Core */,
				A89095B02BF3871300B010DC /* Extensions */,
				A89095AA2BF3855F00B010DC /* Font */,
				A89095AD2BF3861400B010DC /* Info.plist */,
				A89095AE2BF386FB00B010DC /* Models */,
				A89095A22BF364E200B010DC /* Preview Content */,
				A89095B32BF3876200B010DC /* Utils */,
			);
			path = BlissfulCoffee;
			sourceTree = "<group>";
		};
		A89095A22BF364E200B010DC /* Preview Content */ = {
			isa = PBXGroup;
			children = (
				A89095A32BF364E200B010DC /* Preview Assets.xcassets */,
			);
			path = "Preview Content";
			sourceTree = "<group>";
		};
		A89095AA2BF3855F00B010DC /* Font */ = {
			isa = PBXGroup;
			children = (
				A89095BB2BF396D800B010DC /* Sora-ExtraBold.ttf */,
				A89095CD2BF3C18700B010DC /* Sora-Regular.ttf */,
				A89095D02BF3C1BF00B010DC /* Sora-Bold.ttf */,
				A89095CF2BF3C1BF00B010DC /* Sora-SemiBold.ttf */,
				A89095AB2BF3857E00B010DC /* Sora-Light.ttf */,
			);
			path = Font;
			sourceTree = "<group>";
		};
		A89095AE2BF386FB00B010DC /* Models */ = {
			isa = PBXGroup;
			children = (
				A89095C52BF3B04D00B010DC /* CoffeTypes.swift */,
				A89095C72BF3B59000B010DC /* Coffee.swift */,
				A89095EA2BF4D5B200B010DC /* Sizes.swift */,
			);
			path = Models;
			sourceTree = "<group>";
		};
		A89095B02BF3871300B010DC /* Extensions */ = {
			isa = PBXGroup;
			children = (
				A89095C92BF3B6CF00B010DC /* DeveloperPreview.swift */,
			);
			path = Extensions;
			sourceTree = "<group>";
		};
		A89095B12BF3871700B010DC /* Core */ = {
			isa = PBXGroup;
			children = (
				A89095E22BF4C0DC00B010DC /* Cart */,
				A89095B42BF387B000B010DC /* Components */,
				A89095DF2BF4C07F00B010DC /* Favorite */,
				A89095B62BF3906D00B010DC /* Home */,
				A89095B52BF387C600B010DC /* LaunchScreen */,
				A89095E52BF4C20000B010DC /* Root */,
				A89095DC2BF4BF7C00B010DC /* TabBar */,
			);
			path = Core;
			sourceTree = "<group>";
		};
		A89095B22BF3871F00B010DC /* App */ = {
			isa = PBXGroup;
			children = (
				A890959C2BF364E000B010DC /* BlissfulCoffeeApp.swift */,
			);
			path = App;
			sourceTree = "<group>";
		};
		A89095B32BF3876200B010DC /* Utils */ = {
			isa = PBXGroup;
			children = (
			);
			path = Utils;
			sourceTree = "<group>";
		};
		A89095B42BF387B000B010DC /* Components */ = {
			isa = PBXGroup;
			children = (
				A89095C32BF3ABD000B010DC /* CategoryCells.swift */,
				A89095E62BF4CA9400B010DC /* IconBackground.swift */,
				A89095E82BF4CE3000B010DC /* ExpandableTextView.swift */,
			);
			path = Components;
			sourceTree = "<group>";
		};
		A89095B52BF387C600B010DC /* LaunchScreen */ = {
			isa = PBXGroup;
			children = (
				A89095B92BF390EC00B010DC /* LaunchScreen.swift */,
			);
			path = LaunchScreen;
			sourceTree = "<group>";
		};
		A89095B62BF3906D00B010DC /* Home */ = {
			isa = PBXGroup;
			children = (
				A89095D92BF3D55700B010DC /* Views */,
				A89095D62BF3C89100B010DC /* Service */,
				A89095D32BF3C80F00B010DC /* ViewModel */,
				A89095BF2BF39F2400B010DC /* SearchBar.swift */,
			);
			path = Home;
			sourceTree = "<group>";
		};
		A89095D32BF3C80F00B010DC /* ViewModel */ = {
			isa = PBXGroup;
			children = (
				A89095D42BF3C84700B010DC /* HomeViewModel.swift */,
			);
			path = ViewModel;
			sourceTree = "<group>";
		};
		A89095D62BF3C89100B010DC /* Service */ = {
			isa = PBXGroup;
			children = (
				A89095D72BF3C89F00B010DC /* HomeService.swift */,
			);
			path = Service;
			sourceTree = "<group>";
		};
		A89095D92BF3D55700B010DC /* Views */ = {
			isa = PBXGroup;
			children = (
				A89095CB2BF3BA4100B010DC /* CoffeeCardView.swift */,
				A89095BD2BF39B9200B010DC /* HeaderView.swift */,
				A89095B72BF3907700B010DC /* HomeView.swift */,
				A89095DA2BF3D5A500B010DC /* CoffeeDetailView.swift */,
			);
			path = Views;
			sourceTree = "<group>";
		};
		A89095DC2BF4BF7C00B010DC /* TabBar */ = {
			isa = PBXGroup;
			children = (
				A89095DD2BF4BF8A00B010DC /* MainTabBar.swift */,
			);
			path = TabBar;
			sourceTree = "<group>";
		};
		A89095DF2BF4C07F00B010DC /* Favorite */ = {
			isa = PBXGroup;
			children = (
				A89095E02BF4C0A300B010DC /* FavoriteView.swift */,
			);
			path = Favorite;
			sourceTree = "<group>";
		};
		A89095E22BF4C0DC00B010DC /* Cart */ = {
			isa = PBXGroup;
			children = (
				A89095E32BF4C0E700B010DC /* CartView.swift */,
			);
			path = Cart;
			sourceTree = "<group>";
		};
		A89095E52BF4C20000B010DC /* Root */ = {
			isa = PBXGroup;
			children = (
				A890959E2BF364E000B010DC /* ContentView.swift */,
			);
			path = Root;
			sourceTree = "<group>";
		};
/* End PBXGroup section */

/* Begin PBXNativeTarget section */
		A89095982BF364E000B010DC /* BlissfulCoffee */ = {
			isa = PBXNativeTarget;
			buildConfigurationList = A89095A72BF364E200B010DC /* Build configuration list for PBXNativeTarget "BlissfulCoffee" */;
			buildPhases = (
				A89095952BF364E000B010DC /* Sources */,
				A89095962BF364E000B010DC /* Frameworks */,
				A89095972BF364E000B010DC /* Resources */,
			);
			buildRules = (
			);
			dependencies = (
			);
			name = BlissfulCoffee;
			productName = BlissfulCoffee;
			productReference = A89095992BF364E000B010DC /* BlissfulCoffee.app */;
			productType = "com.apple.product-type.application";
		};
/* End PBXNativeTarget section */

/* Begin PBXProject section */
		A89095912BF364E000B010DC /* Project object */ = {
			isa = PBXProject;
			attributes = {
				BuildIndependentTargetsInParallel = 1;
				LastSwiftUpdateCheck = 1520;
				LastUpgradeCheck = 1520;
				TargetAttributes = {
					A89095982BF364E000B010DC = {
						CreatedOnToolsVersion = 15.2;
					};
				};
			};
			buildConfigurationList = A89095942BF364E000B010DC /* Build configuration list for PBXProject "BlissfulCoffee" */;
			compatibilityVersion = "Xcode 14.0";
			developmentRegion = en;
			hasScannedForEncodings = 0;
			knownRegions = (
				en,
				Base,
			);
			mainGroup = A89095902BF364E000B010DC;
			productRefGroup = A890959A2BF364E000B010DC /* Products */;
			projectDirPath = "";
			projectRoot = "";
			targets = (
				A89095982BF364E000B010DC /* BlissfulCoffee */,
			);
		};
/* End PBXProject section */

/* Begin PBXResourcesBuildPhase section */
		A89095972BF364E000B010DC /* Resources */ = {
			isa = PBXResourcesBuildPhase;
			buildActionMask = 2147483647;
			files = (
				A89095D22BF3C1BF00B010DC /* Sora-Bold.ttf in Resources */,
				A89095A42BF364E200B010DC /* Preview Assets.xcassets in Resources */,
				A89095BC2BF396D800B010DC /* Sora-ExtraBold.ttf in Resources */,
				A89095A12BF364E200B010DC /* Assets.xcassets in Resources */,
				A89095AC2BF3857E00B010DC /* Sora-Light.ttf in Resources */,
				A89095D12BF3C1BF00B010DC /* Sora-SemiBold.ttf in Resources */,
				A89095CE2BF3C18700B010DC /* Sora-Regular.ttf in Resources */,
			);
			runOnlyForDeploymentPostprocessing = 0;
		};
/* End PBXResourcesBuildPhase section */

/* Begin PBXSourcesBuildPhase section */
		A89095952BF364E000B010DC /* Sources */ = {
			isa = PBXSourcesBuildPhase;
			buildActionMask = 2147483647;
			files = (
				A89095BE2BF39B9200B010DC /* HeaderView.swift in Sources */,
				A89095BA2BF390EC00B010DC /* LaunchScreen.swift in Sources */,
				A89095C42BF3ABD000B010DC /* CategoryCells.swift in Sources */,
				A89095E42BF4C0E700B010DC /* CartView.swift in Sources */,
				A89095DE2BF4BF8A00B010DC /* MainTabBar.swift in Sources */,
				A89095C62BF3B04D00B010DC /* CoffeTypes.swift in Sources */,
				A89095B82BF3907700B010DC /* HomeView.swift in Sources */,
				A89095CA2BF3B6CF00B010DC /* DeveloperPreview.swift in Sources */,
				A89095CC2BF3BA4100B010DC /* CoffeeCardView.swift in Sources */,
				A89095E12BF4C0A300B010DC /* FavoriteView.swift in Sources */,
				A89095E72BF4CA9400B010DC /* IconBackground.swift in Sources */,
				A89095D52BF3C84700B010DC /* HomeViewModel.swift in Sources */,
				A89095D82BF3C89F00B010DC /* HomeService.swift in Sources */,
				A89095C82BF3B59000B010DC /* Coffee.swift in Sources */,
				A890959F2BF364E000B010DC /* ContentView.swift in Sources */,
				A89095DB2BF3D5A500B010DC /* CoffeeDetailView.swift in Sources */,
				A89095EB2BF4D5B200B010DC /* Sizes.swift in Sources */,
				A890959D2BF364E000B010DC /* BlissfulCoffeeApp.swift in Sources */,
				A89095E92BF4CE3000B010DC /* ExpandableTextView.swift in Sources */,
				A89095C02BF39F2400B010DC /* SearchBar.swift in Sources */,
			);
			runOnlyForDeploymentPostprocessing = 0;
		};
/* End PBXSourcesBuildPhase section */

/* Begin XCBuildConfiguration section */
		A89095A52BF364E200B010DC /* Debug */ = {
			isa = XCBuildConfiguration;
			buildSettings = {
				ALWAYS_SEARCH_USER_PATHS = NO;
				ASSETCATALOG_COMPILER_GENERATE_SWIFT_ASSET_SYMBOL_EXTENSIONS = YES;
				CLANG_ANALYZER_NONNULL = YES;
				CLANG_ANALYZER_NUMBER_OBJECT_CONVERSION = YES_AGGRESSIVE;
				CLANG_CXX_LANGUAGE_STANDARD = "gnu++20";
				CLANG_ENABLE_MODULES = YES;
				CLANG_ENABLE_OBJC_ARC = YES;
				CLANG_ENABLE_OBJC_WEAK = YES;
				CLANG_WARN_BLOCK_CAPTURE_AUTORELEASING = YES;
				CLANG_WARN_BOOL_CONVERSION = YES;
				CLANG_WARN_COMMA = YES;
				CLANG_WARN_CONSTANT_CONVERSION = YES;
				CLANG_WARN_DEPRECATED_OBJC_IMPLEMENTATIONS = YES;
				CLANG_WARN_DIRECT_OBJC_ISA_USAGE = YES_ERROR;
				CLANG_WARN_DOCUMENTATION_COMMENTS = YES;
				CLANG_WARN_EMPTY_BODY = YES;
				CLANG_WARN_ENUM_CONVERSION = YES;
				CLANG_WARN_INFINITE_RECURSION = YES;
				CLANG_WARN_INT_CONVERSION = YES;
				CLANG_WARN_NON_LITERAL_NULL_CONVERSION = YES;
				CLANG_WARN_OBJC_IMPLICIT_RETAIN_SELF = YES;
				CLANG_WARN_OBJC_LITERAL_CONVERSION = YES;
				CLANG_WARN_OBJC_ROOT_CLASS = YES_ERROR;
				CLANG_WARN_QUOTED_INCLUDE_IN_FRAMEWORK_HEADER = YES;
				CLANG_WARN_RANGE_LOOP_ANALYSIS = YES;
				CLANG_WARN_STRICT_PROTOTYPES = YES;
				CLANG_WARN_SUSPICIOUS_MOVE = YES;
				CLANG_WARN_UNGUARDED_AVAILABILITY = YES_AGGRESSIVE;
				CLANG_WARN_UNREACHABLE_CODE = YES;
				CLANG_WARN__DUPLICATE_METHOD_MATCH = YES;
				COPY_PHASE_STRIP = NO;
				DEBUG_INFORMATION_FORMAT = dwarf;
				ENABLE_STRICT_OBJC_MSGSEND = YES;
				ENABLE_TESTABILITY = YES;
				ENABLE_USER_SCRIPT_SANDBOXING = YES;
				GCC_C_LANGUAGE_STANDARD = gnu17;
				GCC_DYNAMIC_NO_PIC = NO;
				GCC_NO_COMMON_BLOCKS = YES;
				GCC_OPTIMIZATION_LEVEL = 0;
				GCC_PREPROCESSOR_DEFINITIONS = (
					"DEBUG=1",
					"$(inherited)",
				);
				GCC_WARN_64_TO_32_BIT_CONVERSION = YES;
				GCC_WARN_ABOUT_RETURN_TYPE = YES_ERROR;
				GCC_WARN_UNDECLARED_SELECTOR = YES;
				GCC_WARN_UNINITIALIZED_AUTOS = YES_AGGRESSIVE;
				GCC_WARN_UNUSED_FUNCTION = YES;
				GCC_WARN_UNUSED_VARIABLE = YES;
				IPHONEOS_DEPLOYMENT_TARGET = 17.2;
				LOCALIZATION_PREFERS_STRING_CATALOGS = YES;
				MTL_ENABLE_DEBUG_INFO = INCLUDE_SOURCE;
				MTL_FAST_MATH = YES;
				ONLY_ACTIVE_ARCH = YES;
				SDKROOT = iphoneos;
				SWIFT_ACTIVE_COMPILATION_CONDITIONS = "DEBUG $(inherited)";
				SWIFT_OPTIMIZATION_LEVEL = "-Onone";
			};
			name = Debug;
		};
		A89095A62BF364E200B010DC /* Release */ = {
			isa = XCBuildConfiguration;
			buildSettings = {
				ALWAYS_SEARCH_USER_PATHS = NO;
				ASSETCATALOG_COMPILER_GENERATE_SWIFT_ASSET_SYMBOL_EXTENSIONS = YES;
				CLANG_ANALYZER_NONNULL = YES;
				CLANG_ANALYZER_NUMBER_OBJECT_CONVERSION = YES_AGGRESSIVE;
				CLANG_CXX_LANGUAGE_STANDARD = "gnu++20";
				CLANG_ENABLE_MODULES = YES;
				CLANG_ENABLE_OBJC_ARC = YES;
				CLANG_ENABLE_OBJC_WEAK = YES;
				CLANG_WARN_BLOCK_CAPTURE_AUTORELEASING = YES;
				CLANG_WARN_BOOL_CONVERSION = YES;
				CLANG_WARN_COMMA = YES;
				CLANG_WARN_CONSTANT_CONVERSION = YES;
				CLANG_WARN_DEPRECATED_OBJC_IMPLEMENTATIONS = YES;
				CLANG_WARN_DIRECT_OBJC_ISA_USAGE = YES_ERROR;
				CLANG_WARN_DOCUMENTATION_COMMENTS = YES;
				CLANG_WARN_EMPTY_BODY = YES;
				CLANG_WARN_ENUM_CONVERSION = YES;
				CLANG_WARN_INFINITE_RECURSION = YES;
				CLANG_WARN_INT_CONVERSION = YES;
				CLANG_WARN_NON_LITERAL_NULL_CONVERSION = YES;
				CLANG_WARN_OBJC_IMPLICIT_RETAIN_SELF = YES;
				CLANG_WARN_OBJC_LITERAL_CONVERSION = YES;
				CLANG_WARN_OBJC_ROOT_CLASS = YES_ERROR;
				CLANG_WARN_QUOTED_INCLUDE_IN_FRAMEWORK_HEADER = YES;
				CLANG_WARN_RANGE_LOOP_ANALYSIS = YES;
				CLANG_WARN_STRICT_PROTOTYPES = YES;
				CLANG_WARN_SUSPICIOUS_MOVE = YES;
				CLANG_WARN_UNGUARDED_AVAILABILITY = YES_AGGRESSIVE;
				CLANG_WARN_UNREACHABLE_CODE = YES;
				CLANG_WARN__DUPLICATE_METHOD_MATCH = YES;
				COPY_PHASE_STRIP = NO;
				DEBUG_INFORMATION_FORMAT = "dwarf-with-dsym";
				ENABLE_NS_ASSERTIONS = NO;
				ENABLE_STRICT_OBJC_MSGSEND = YES;
				ENABLE_USER_SCRIPT_SANDBOXING = YES;
				GCC_C_LANGUAGE_STANDARD = gnu17;
				GCC_NO_COMMON_BLOCKS = YES;
				GCC_WARN_64_TO_32_BIT_CONVERSION = YES;
				GCC_WARN_ABOUT_RETURN_TYPE = YES_ERROR;
				GCC_WARN_UNDECLARED_SELECTOR = YES;
				GCC_WARN_UNINITIALIZED_AUTOS = YES_AGGRESSIVE;
				GCC_WARN_UNUSED_FUNCTION = YES;
				GCC_WARN_UNUSED_VARIABLE = YES;
				IPHONEOS_DEPLOYMENT_TARGET = 17.2;
				LOCALIZATION_PREFERS_STRING_CATALOGS = YES;
				MTL_ENABLE_DEBUG_INFO = NO;
				MTL_FAST_MATH = YES;
				SDKROOT = iphoneos;
				SWIFT_COMPILATION_MODE = wholemodule;
				VALIDATE_PRODUCT = YES;
			};
			name = Release;
		};
		A89095A82BF364E200B010DC /* Debug */ = {
			isa = XCBuildConfiguration;
			buildSettings = {
				ASSETCATALOG_COMPILER_APPICON_NAME = AppIcon;
				ASSETCATALOG_COMPILER_GLOBAL_ACCENT_COLOR_NAME = AccentColor;
				CODE_SIGN_STYLE = Automatic;
				CURRENT_PROJECT_VERSION = 1;
				DEVELOPMENT_ASSET_PATHS = "\"BlissfulCoffee/Preview Content\"";
				DEVELOPMENT_TEAM = 943X57G6KF;
				ENABLE_PREVIEWS = YES;
				GENERATE_INFOPLIST_FILE = YES;
				INFOPLIST_FILE = BlissfulCoffee/Info.plist;
				INFOPLIST_KEY_UIApplicationSceneManifest_Generation = YES;
				INFOPLIST_KEY_UIApplicationSupportsIndirectInputEvents = YES;
				INFOPLIST_KEY_UILaunchScreen_Generation = YES;
				INFOPLIST_KEY_UISupportedInterfaceOrientations_iPad = "UIInterfaceOrientationPortrait UIInterfaceOrientationPortraitUpsideDown UIInterfaceOrientationLandscapeLeft UIInterfaceOrientationLandscapeRight";
				INFOPLIST_KEY_UISupportedInterfaceOrientations_iPhone = "UIInterfaceOrientationPortrait UIInterfaceOrientationLandscapeLeft UIInterfaceOrientationLandscapeRight";
				LD_RUNPATH_SEARCH_PATHS = (
					"$(inherited)",
					"@executable_path/Frameworks",
				);
				MARKETING_VERSION = 1.0;
				PRODUCT_BUNDLE_IDENTIFIER = com.BlissfulCoffee;
				PRODUCT_NAME = "$(TARGET_NAME)";
				SWIFT_EMIT_LOC_STRINGS = YES;
				SWIFT_VERSION = 5.0;
				TARGETED_DEVICE_FAMILY = "1,2";
			};
			name = Debug;
		};
		A89095A92BF364E200B010DC /* Release */ = {
			isa = XCBuildConfiguration;
			buildSettings = {
				ASSETCATALOG_COMPILER_APPICON_NAME = AppIcon;
				ASSETCATALOG_COMPILER_GLOBAL_ACCENT_COLOR_NAME = AccentColor;
				CODE_SIGN_STYLE = Automatic;
				CURRENT_PROJECT_VERSION = 1;
				DEVELOPMENT_ASSET_PATHS = "\"BlissfulCoffee/Preview Content\"";
				DEVELOPMENT_TEAM = 943X57G6KF;
				ENABLE_PREVIEWS = YES;
				GENERATE_INFOPLIST_FILE = YES;
				INFOPLIST_FILE = BlissfulCoffee/Info.plist;
				INFOPLIST_KEY_UIApplicationSceneManifest_Generation = YES;
				INFOPLIST_KEY_UIApplicationSupportsIndirectInputEvents = YES;
				INFOPLIST_KEY_UILaunchScreen_Generation = YES;
				INFOPLIST_KEY_UISupportedInterfaceOrientations_iPad = "UIInterfaceOrientationPortrait UIInterfaceOrientationPortraitUpsideDown UIInterfaceOrientationLandscapeLeft UIInterfaceOrientationLandscapeRight";
				INFOPLIST_KEY_UISupportedInterfaceOrientations_iPhone = "UIInterfaceOrientationPortrait UIInterfaceOrientationLandscapeLeft UIInterfaceOrientationLandscapeRight";
				LD_RUNPATH_SEARCH_PATHS = (
					"$(inherited)",
					"@executable_path/Frameworks",
				);
				MARKETING_VERSION = 1.0;
				PRODUCT_BUNDLE_IDENTIFIER = com.BlissfulCoffee;
				PRODUCT_NAME = "$(TARGET_NAME)";
				SWIFT_EMIT_LOC_STRINGS = YES;
				SWIFT_VERSION = 5.0;
				TARGETED_DEVICE_FAMILY = "1,2";
			};
			name = Release;
		};
/* End XCBuildConfiguration section */

/* Begin XCConfigurationList section */
		A89095942BF364E000B010DC /* Build configuration list for PBXProject "BlissfulCoffee" */ = {
			isa = XCConfigurationList;
			buildConfigurations = (
				A89095A52BF364E200B010DC /* Debug */,
				A89095A62BF364E200B010DC /* Release */,
			);
			defaultConfigurationIsVisible = 0;
			defaultConfigurationName = Release;
		};
		A89095A72BF364E200B010DC /* Build configuration list for PBXNativeTarget "BlissfulCoffee" */ = {
			isa = XCConfigurationList;
			buildConfigurations = (
				A89095A82BF364E200B010DC /* Debug */,
				A89095A92BF364E200B010DC /* Release */,
			);
			defaultConfigurationIsVisible = 0;
			defaultConfigurationName = Release;
		};
/* End XCConfigurationList section */
	};
	rootObject = A89095912BF364E000B010DC /* Project object */;
}
